
Microsoft Visual Studio Solution File, Format Version 12.00
# Visual Studio Version 17
VisualStudioVersion = 17.3.32922.545
MinimumVisualStudioVersion = 10.0.40219.1
Project("{9A19103F-16F7-4668-BE54-9A1E7A4F7556}") = "WebApplication2", "WebApplication2\WebApplication2.csproj", "{3E753E74-C60A-4046-98A7-F456AB58E819}"
EndProject
Project("{2150E333-8FDC-42A3-9474-1A3956D46DE8}") = "2-Application", "2-Application", "{3BF7E9F7-0F33-48A8-9791-7C5A186F6DF8}"
EndProject
Project("{2150E333-8FDC-42A3-9474-1A3956D46DE8}") = "3-Domain", "3-Domain", "{B7CD2BFB-E1A4-4315-8D8D-6215A1B0B653}"
EndProject
Project("{2150E333-8FDC-42A3-9474-1A3956D46DE8}") = "4-Database", "4-Database", "{5DF39B48-71BC-4B63-9CB4-093E9212C25D}"
EndProject
Project("{2150E333-8FDC-42A3-9474-1A3956D46DE8}") = "1-Web", "1-Web", "{B04E54B9-56FD-4EAF-8C9A-672CFA6444A8}"
EndProject
Project("{FAE04EC0-301F-11D3-BF4B-00C04F79EFBC}") = "TM.Application", "TM.Application\TM.Application.csproj", "{6BA20669-CFAE-4371-9C5E-A31703729FFD}"
EndProject
Project("{FAE04EC0-301F-11D3-BF4B-00C04F79EFBC}") = "TM.Domain", "TM.Domain\TM.Domain.csproj", "{B76F5C26-A8F2-4E48-A0EB-B2DD025495F9}"
EndProject
Project("{FAE04EC0-301F-11D3-BF4B-00C04F79EFBC}") = "TM.Database.Repository", "TM.Database.Repository\TM.Database.Repository.csproj", "{2C53B85D-C3F4-4E8B-9768-5687CEEE21FC}"
EndProject
Project("{2150E333-8FDC-42A3-9474-1A3956D46DE8}") = "5-Infrastructure", "5-Infrastructure", "{371606FA-380D-4137-A962-F9B6A1F210EE}"
EndProject
Project("{FAE04EC0-301F-11D3-BF4B-00C04F79EFBC}") = "TM.Infrastructure.Dapper", "TM.Infrastructure.Dapper\TM.Infrastructure.Dapper.csproj", "{EB175C88-1FD8-4CC1-90C7-B9BF1ABC7CBF}"
EndProject
Global
	GlobalSection(SolutionConfigurationPlatforms) = preSolution
		Debug|Any CPU = Debug|Any CPU
		Release|Any CPU = Release|Any CPU
	EndGlobalSection
	GlobalSection(ProjectConfigurationPlatforms) = postSolution
		{3E753E74-C60A-4046-98A7-F456AB58E819}.Debug|Any CPU.ActiveCfg = Debug|Any CPU
		{3E753E74-C60A-4046-98A7-F456AB58E819}.Debug|Any CPU.Build.0 = Debug|Any CPU
		{3E753E74-C60A-4046-98A7-F456AB58E819}.Release|Any CPU.ActiveCfg = Release|Any CPU
		{3E753E74-C60A-4046-98A7-F456AB58E819}.Release|Any CPU.Build.0 = Release|Any CPU
		{6BA20669-CFAE-4371-9C5E-A31703729FFD}.Debug|Any CPU.ActiveCfg = Debug|Any CPU
		{6BA20669-CFAE-4371-9C5E-A31703729FFD}.Debug|Any CPU.Build.0 = Debug|Any CPU
		{6BA20669-CFAE-4371-9C5E-A31703729FFD}.Release|Any CPU.ActiveCfg = Release|Any CPU
		{6BA20669-CFAE-4371-9C5E-A31703729FFD}.Release|Any CPU.Build.0 = Release|Any CPU
		{B76F5C26-A8F2-4E48-A0EB-B2DD025495F9}.Debug|Any CPU.ActiveCfg = Debug|Any CPU
		{B76F5C26-A8F2-4E48-A0EB-B2DD025495F9}.Debug|Any CPU.Build.0 = Debug|Any CPU
		{B76F5C26-A8F2-4E48-A0EB-B2DD025495F9}.Release|Any CPU.ActiveCfg = Release|Any CPU
		{B76F5C26-A8F2-4E48-A0EB-B2DD025495F9}.Release|Any CPU.Build.0 = Release|Any CPU
		{2C53B85D-C3F4-4E8B-9768-5687CEEE21FC}.Debug|Any CPU.ActiveCfg = Debug|Any CPU
		{2C53B85D-C3F4-4E8B-9768-5687CEEE21FC}.Debug|Any CPU.Build.0 = Debug|Any CPU
		{2C53B85D-C3F4-4E8B-9768-5687CEEE21FC}.Release|Any CPU.ActiveCfg = Release|Any CPU
		{2C53B85D-C3F4-4E8B-9768-5687CEEE21FC}.Release|Any CPU.Build.0 = Release|Any CPU
		{EB175C88-1FD8-4CC1-90C7-B9BF1ABC7CBF}.Debug|Any CPU.ActiveCfg = Debug|Any CPU
		{EB175C88-1FD8-4CC1-90C7-B9BF1ABC7CBF}.Debug|Any CPU.Build.0 = Debug|Any CPU
		{EB175C88-1FD8-4CC1-90C7-B9BF1ABC7CBF}.Release|Any CPU.ActiveCfg = Release|Any CPU
		{EB175C88-1FD8-4CC1-90C7-B9BF1ABC7CBF}.Release|Any CPU.Build.0 = Release|Any CPU
	EndGlobalSection
	GlobalSection(SolutionProperties) = preSolution
		HideSolutionNode = FALSE
	EndGlobalSection
	GlobalSection(NestedProjects) = preSolution
		{3E753E74-C60A-4046-98A7-F456AB58E819} = {B04E54B9-56FD-4EAF-8C9A-672CFA6444A8}
		{6BA20669-CFAE-4371-9C5E-A31703729FFD} = {3BF7E9F7-0F33-48A8-9791-7C5A186F6DF8}
		{B76F5C26-A8F2-4E48-A0EB-B2DD025495F9} = {B7CD2BFB-E1A4-4315-8D8D-6215A1B0B653}
		{2C53B85D-C3F4-4E8B-9768-5687CEEE21FC} = {5DF39B48-71BC-4B63-9CB4-093E9212C25D}
		{EB175C88-1FD8-4CC1-90C7-B9BF1ABC7CBF} = {371606FA-380D-4137-A962-F9B6A1F210EE}
	EndGlobalSection
	GlobalSection(ExtensibilityGlobals) = postSolution
		SolutionGuid = {CF14A061-13A9-43F8-A051-DB95FA34A15D}
	EndGlobalSection
EndGlobal
